
Microsoft Visual Studio Solution File, Format Version 12.00
# Visual Studio Version 17
VisualStudioVersion = 17.9.34701.34
MinimumVisualStudioVersion = 10.0.40219.1
Project("{2150E333-8FDC-42A3-9474-1A3956D46DE8}") = "Elementy rozwiązania", "Elementy rozwiązania", "{77C01EE6-3EC5-473D-9BF0-0B7B252E2F07}"
	ProjectSection(SolutionItems) = preProject
		..\README.md = ..\README.md
	EndProjectSection
EndProject
Project("{2150E333-8FDC-42A3-9474-1A3956D46DE8}") = "Presentation", "Presentation", "{2FCD1936-B7BD-4DED-B22C-844B4400A2EE}"
EndProject
Project("{9A19103F-16F7-4668-BE54-9A1E7A4F7556}") = "ViewModel", "ViewModel\ViewModel.csproj", "{FF716E57-E37A-4D24-B90F-1A8E9EABB8E3}"
EndProject
Project("{9A19103F-16F7-4668-BE54-9A1E7A4F7556}") = "Model", "Model\Model.csproj", "{83B5A79A-1DD9-4D7B-96A2-CCEEC7A6ECFF}"
EndProject
Project("{9A19103F-16F7-4668-BE54-9A1E7A4F7556}") = "Logic", "Logic\Logic.csproj", "{A6BC37A4-2AD4-44E5-91A2-249EAD4A269C}"
EndProject
Project("{9A19103F-16F7-4668-BE54-9A1E7A4F7556}") = "Data", "Data\Data.csproj", "{A0F8083D-3C77-46A6-BF2F-D48211A19870}"
EndProject
Project("{9A19103F-16F7-4668-BE54-9A1E7A4F7556}") = "DataTest", "DataTest\DataTest.csproj", "{E60FF4A7-65D1-40C2-B4E8-872A828E132C}"
EndProject
Project("{9A19103F-16F7-4668-BE54-9A1E7A4F7556}") = "LogicTest", "LogicTest\LogicTest.csproj", "{82FDB843-7F0F-498A-8F71-5103A2852455}"
EndProject
Project("{9A19103F-16F7-4668-BE54-9A1E7A4F7556}") = "View", "View\View.csproj", "{32AD0323-62D3-46DF-A383-2753F6DF1C4D}"
EndProject
Project("{9A19103F-16F7-4668-BE54-9A1E7A4F7556}") = "ServerData", "ServerData\ServerData.csproj", "{BAFE2267-BD99-4858-894D-A484EBB2214B}"
EndProject
Project("{9A19103F-16F7-4668-BE54-9A1E7A4F7556}") = "ServerLogic", "ServerLogic\ServerLogic.csproj", "{27D348BD-B476-43EA-9C82-8DD7008289B4}"
EndProject
Project("{2150E333-8FDC-42A3-9474-1A3956D46DE8}") = "ServerPresentation", "ServerPresentation", "{E4B82704-43CE-4467-B1FF-77D308E99498}"
EndProject
Project("{9A19103F-16F7-4668-BE54-9A1E7A4F7556}") = "ServerPresentation", "ServerPresentation\ServerPresentation.csproj", "{3A736F85-79C0-4140-9937-4C7BC8A7CE9E}"
EndProject
Project("{9A19103F-16F7-4668-BE54-9A1E7A4F7556}") = "Commons", "Commons\Commons.csproj", "{21109886-DC97-4774-A267-05CE3241E47F}"
EndProject
Project("{9A19103F-16F7-4668-BE54-9A1E7A4F7556}") = "ServerDataTest", "ServerDataTest\ServerDataTest.csproj", "{C448159A-863F-439E-B7B7-3BB35596373B}"
EndProject
Project("{9A19103F-16F7-4668-BE54-9A1E7A4F7556}") = "ServerLogicTest", "ServerLogicTest\ServerLogicTest.csproj", "{06CF0047-1EBA-4C11-9472-C56476762731}"
EndProject
Global
	GlobalSection(SolutionConfigurationPlatforms) = preSolution
		Debug|Any CPU = Debug|Any CPU
		Release|Any CPU = Release|Any CPU
	EndGlobalSection
	GlobalSection(ProjectConfigurationPlatforms) = postSolution
		{FF716E57-E37A-4D24-B90F-1A8E9EABB8E3}.Debug|Any CPU.ActiveCfg = Debug|Any CPU
		{FF716E57-E37A-4D24-B90F-1A8E9EABB8E3}.Debug|Any CPU.Build.0 = Debug|Any CPU
		{FF716E57-E37A-4D24-B90F-1A8E9EABB8E3}.Release|Any CPU.ActiveCfg = Release|Any CPU
		{FF716E57-E37A-4D24-B90F-1A8E9EABB8E3}.Release|Any CPU.Build.0 = Release|Any CPU
		{83B5A79A-1DD9-4D7B-96A2-CCEEC7A6ECFF}.Debug|Any CPU.ActiveCfg = Debug|Any CPU
		{83B5A79A-1DD9-4D7B-96A2-CCEEC7A6ECFF}.Debug|Any CPU.Build.0 = Debug|Any CPU
		{83B5A79A-1DD9-4D7B-96A2-CCEEC7A6ECFF}.Release|Any CPU.ActiveCfg = Release|Any CPU
		{83B5A79A-1DD9-4D7B-96A2-CCEEC7A6ECFF}.Release|Any CPU.Build.0 = Release|Any CPU
		{A6BC37A4-2AD4-44E5-91A2-249EAD4A269C}.Debug|Any CPU.ActiveCfg = Debug|Any CPU
		{A6BC37A4-2AD4-44E5-91A2-249EAD4A269C}.Debug|Any CPU.Build.0 = Debug|Any CPU
		{A6BC37A4-2AD4-44E5-91A2-249EAD4A269C}.Release|Any CPU.ActiveCfg = Release|Any CPU
		{A6BC37A4-2AD4-44E5-91A2-249EAD4A269C}.Release|Any CPU.Build.0 = Release|Any CPU
		{A0F8083D-3C77-46A6-BF2F-D48211A19870}.Debug|Any CPU.ActiveCfg = Debug|Any CPU
		{A0F8083D-3C77-46A6-BF2F-D48211A19870}.Debug|Any CPU.Build.0 = Debug|Any CPU
		{A0F8083D-3C77-46A6-BF2F-D48211A19870}.Release|Any CPU.ActiveCfg = Release|Any CPU
		{A0F8083D-3C77-46A6-BF2F-D48211A19870}.Release|Any CPU.Build.0 = Release|Any CPU
		{E60FF4A7-65D1-40C2-B4E8-872A828E132C}.Debug|Any CPU.ActiveCfg = Debug|Any CPU
		{E60FF4A7-65D1-40C2-B4E8-872A828E132C}.Debug|Any CPU.Build.0 = Debug|Any CPU
		{E60FF4A7-65D1-40C2-B4E8-872A828E132C}.Release|Any CPU.ActiveCfg = Release|Any CPU
		{E60FF4A7-65D1-40C2-B4E8-872A828E132C}.Release|Any CPU.Build.0 = Release|Any CPU
		{82FDB843-7F0F-498A-8F71-5103A2852455}.Debug|Any CPU.ActiveCfg = Debug|Any CPU
		{82FDB843-7F0F-498A-8F71-5103A2852455}.Debug|Any CPU.Build.0 = Debug|Any CPU
		{82FDB843-7F0F-498A-8F71-5103A2852455}.Release|Any CPU.ActiveCfg = Release|Any CPU
		{82FDB843-7F0F-498A-8F71-5103A2852455}.Release|Any CPU.Build.0 = Release|Any CPU
		{32AD0323-62D3-46DF-A383-2753F6DF1C4D}.Debug|Any CPU.ActiveCfg = Debug|Any CPU
		{32AD0323-62D3-46DF-A383-2753F6DF1C4D}.Debug|Any CPU.Build.0 = Debug|Any CPU
		{32AD0323-62D3-46DF-A383-2753F6DF1C4D}.Release|Any CPU.ActiveCfg = Release|Any CPU
		{32AD0323-62D3-46DF-A383-2753F6DF1C4D}.Release|Any CPU.Build.0 = Release|Any CPU
		{BAFE2267-BD99-4858-894D-A484EBB2214B}.Debug|Any CPU.ActiveCfg = Debug|Any CPU
		{BAFE2267-BD99-4858-894D-A484EBB2214B}.Debug|Any CPU.Build.0 = Debug|Any CPU
		{BAFE2267-BD99-4858-894D-A484EBB2214B}.Release|Any CPU.ActiveCfg = Release|Any CPU
		{BAFE2267-BD99-4858-894D-A484EBB2214B}.Release|Any CPU.Build.0 = Release|Any CPU
		{27D348BD-B476-43EA-9C82-8DD7008289B4}.Debug|Any CPU.ActiveCfg = Debug|Any CPU
		{27D348BD-B476-43EA-9C82-8DD7008289B4}.Debug|Any CPU.Build.0 = Debug|Any CPU
		{27D348BD-B476-43EA-9C82-8DD7008289B4}.Release|Any CPU.ActiveCfg = Release|Any CPU
		{27D348BD-B476-43EA-9C82-8DD7008289B4}.Release|Any CPU.Build.0 = Release|Any CPU
		{3A736F85-79C0-4140-9937-4C7BC8A7CE9E}.Debug|Any CPU.ActiveCfg = Debug|Any CPU
		{3A736F85-79C0-4140-9937-4C7BC8A7CE9E}.Debug|Any CPU.Build.0 = Debug|Any CPU
		{3A736F85-79C0-4140-9937-4C7BC8A7CE9E}.Release|Any CPU.ActiveCfg = Release|Any CPU
		{3A736F85-79C0-4140-9937-4C7BC8A7CE9E}.Release|Any CPU.Build.0 = Release|Any CPU
		{21109886-DC97-4774-A267-05CE3241E47F}.Debug|Any CPU.ActiveCfg = Debug|Any CPU
		{21109886-DC97-4774-A267-05CE3241E47F}.Debug|Any CPU.Build.0 = Debug|Any CPU
		{21109886-DC97-4774-A267-05CE3241E47F}.Release|Any CPU.ActiveCfg = Release|Any CPU
		{21109886-DC97-4774-A267-05CE3241E47F}.Release|Any CPU.Build.0 = Release|Any CPU
		{C448159A-863F-439E-B7B7-3BB35596373B}.Debug|Any CPU.ActiveCfg = Debug|Any CPU
		{C448159A-863F-439E-B7B7-3BB35596373B}.Debug|Any CPU.Build.0 = Debug|Any CPU
		{C448159A-863F-439E-B7B7-3BB35596373B}.Release|Any CPU.ActiveCfg = Release|Any CPU
		{C448159A-863F-439E-B7B7-3BB35596373B}.Release|Any CPU.Build.0 = Release|Any CPU
		{06CF0047-1EBA-4C11-9472-C56476762731}.Debug|Any CPU.ActiveCfg = Debug|Any CPU
		{06CF0047-1EBA-4C11-9472-C56476762731}.Debug|Any CPU.Build.0 = Debug|Any CPU
		{06CF0047-1EBA-4C11-9472-C56476762731}.Release|Any CPU.ActiveCfg = Release|Any CPU
		{06CF0047-1EBA-4C11-9472-C56476762731}.Release|Any CPU.Build.0 = Release|Any CPU
	EndGlobalSection
	GlobalSection(SolutionProperties) = preSolution
		HideSolutionNode = FALSE
	EndGlobalSection
	GlobalSection(NestedProjects) = preSolution
		{FF716E57-E37A-4D24-B90F-1A8E9EABB8E3} = {2FCD1936-B7BD-4DED-B22C-844B4400A2EE}
		{83B5A79A-1DD9-4D7B-96A2-CCEEC7A6ECFF} = {2FCD1936-B7BD-4DED-B22C-844B4400A2EE}
		{32AD0323-62D3-46DF-A383-2753F6DF1C4D} = {2FCD1936-B7BD-4DED-B22C-844B4400A2EE}
		{3A736F85-79C0-4140-9937-4C7BC8A7CE9E} = {E4B82704-43CE-4467-B1FF-77D308E99498}
	EndGlobalSection
	GlobalSection(ExtensibilityGlobals) = postSolution
		SolutionGuid = {05DA558D-E168-4170-93F9-0FE9305AF194}
	EndGlobalSection
EndGlobal
